
Microsoft Visual Studio Solution File, Format Version 12.00
# Visual Studio Version 16
VisualStudioVersion = 16.0.32228.343
MinimumVisualStudioVersion = 10.0.40219.1
Project("{FAE04EC0-301F-11D3-BF4B-00C04F79EFBC}") = "ConsoleApp5", "ConsoleApp5\ConsoleApp5.csproj", "{A80D46F3-81EB-4FAE-A875-ECC4F452F38B}"
EndProject
Global
	GlobalSection(SolutionConfigurationPlatforms) = preSolution
		Debug|Any CPU = Debug|Any CPU
		Release|Any CPU = Release|Any CPU
	EndGlobalSection
	GlobalSection(ProjectConfigurationPlatforms) = postSolution
		{A80D46F3-81EB-4FAE-A875-ECC4F452F38B}.Debug|Any CPU.ActiveCfg = Debug|Any CPU
		{A80D46F3-81EB-4FAE-A875-ECC4F452F38B}.Debug|Any CPU.Build.0 = Debug|Any CPU
		{A80D46F3-81EB-4FAE-A875-ECC4F452F38B}.Release|Any CPU.ActiveCfg = Release|Any CPU
		{A80D46F3-81EB-4FAE-A875-ECC4F452F38B}.Release|Any CPU.Build.0 = Release|Any CPU
	EndGlobalSection
	GlobalSection(SolutionProperties) = preSolution
		HideSolutionNode = FALSE
	EndGlobalSection
	GlobalSection(ExtensibilityGlobals) = postSolution
		SolutionGuid = {B000106C-DCA5-4D4B-B75E-A82FD90555B7}
	EndGlobalSection
EndGlobal
